
Microsoft Visual Studio Solution File, Format Version 12.00
# Visual Studio Version 17
VisualStudioVersion = 17.5.002.0
MinimumVisualStudioVersion = 10.0.40219.1
Project("{9A19103F-16F7-4668-BE54-9A1E7A4F7556}") = "MyWpfApp", "MyWpfApp.csproj", "{B9E25BC6-3F9F-498B-8FF9-0D7D30075B98}"
EndProject
Global
	GlobalSection(SolutionConfigurationPlatforms) = preSolution
		Debug|Any CPU = Debug|Any CPU
		Release|Any CPU = Release|Any CPU
	EndGlobalSection
	GlobalSection(ProjectConfigurationPlatforms) = postSolution
		{B9E25BC6-3F9F-498B-8FF9-0D7D30075B98}.Debug|Any CPU.ActiveCfg = Debug|Any CPU
		{B9E25BC6-3F9F-498B-8FF9-0D7D30075B98}.Debug|Any CPU.Build.0 = Debug|Any CPU
		{B9E25BC6-3F9F-498B-8FF9-0D7D30075B98}.Release|Any CPU.ActiveCfg = Release|Any CPU
		{B9E25BC6-3F9F-498B-8FF9-0D7D30075B98}.Release|Any CPU.Build.0 = Release|Any CPU
	EndGlobalSection
	GlobalSection(SolutionProperties) = preSolution
		HideSolutionNode = FALSE
	EndGlobalSection
	GlobalSection(ExtensibilityGlobals) = postSolution
		SolutionGuid = {0F1F46A4-AF3E-42E8-938B-24E3B5C872E9}
	EndGlobalSection
EndGlobal
